github.com/gorilla/mux v1.8.1 h1:TuBL49tXwgrFYWhqrNgrUNEY92u81SPhu7sTdzQEiWY=
github.com/gorilla/mux v1.8.1/go.mod h1:AKf9I4AEqPTmMytcMc0KkNouC66V3BtZ4qD5fmWSiMQ=
github.com/joho/godotenv v1.5.1 h1:7eLL/+HRGLY0ldzfGMeQkb7vMd0as4CfYvUVzLqw0N0=
github.com/joho/godotenv v1.5.1/go.mod h1:f4LDr5Voq0i2e/R5DDNOoa2zzDfwtkZa6DnEwAbqwq4=
github.com/pilu/fresh v0.0.0-20240621171608-8d1fef547a99 h1:+X7Gb40b5Bl3v5+3MiGK8Jhemjp65MHc+nkVCfq1Yfc=
github.com/pilu/fresh v0.0.0-20240621171608-8d1fef547a99/go.mod h1:2LLTtftTZSdAPR/iVyennXZDLZOYzyDn+T0qEKJ8eSw=
